
Microsoft Visual Studio Solution File, Format Version 12.00
# Visual Studio Version 16
VisualStudioVersion = 16.0.32929.386
MinimumVisualStudioVersion = 10.0.40219.1
Project("{FAE04EC0-301F-11D3-BF4B-00C04F79EFBC}") = "basket", "basket\basket.csproj", "{761003C8-A3A3-4FAB-996C-4BCBEAB1DBAE}"
EndProject
Global
	GlobalSection(SolutionConfigurationPlatforms) = preSolution
		Debug|Any CPU = Debug|Any CPU
		Release|Any CPU = Release|Any CPU
	EndGlobalSection
	GlobalSection(ProjectConfigurationPlatforms) = postSolution
		{761003C8-A3A3-4FAB-996C-4BCBEAB1DBAE}.Debug|Any CPU.ActiveCfg = Debug|Any CPU
		{761003C8-A3A3-4FAB-996C-4BCBEAB1DBAE}.Debug|Any CPU.Build.0 = Debug|Any CPU
		{761003C8-A3A3-4FAB-996C-4BCBEAB1DBAE}.Release|Any CPU.ActiveCfg = Release|Any CPU
		{761003C8-A3A3-4FAB-996C-4BCBEAB1DBAE}.Release|Any CPU.Build.0 = Release|Any CPU
	EndGlobalSection
	GlobalSection(SolutionProperties) = preSolution
		HideSolutionNode = FALSE
	EndGlobalSection
	GlobalSection(ExtensibilityGlobals) = postSolution
		SolutionGuid = {C8B13F7F-FEBC-45A0-B136-7200FF518538}
	EndGlobalSection
EndGlobal
